# This file is automatically @generated by Cargo.
# It is not intended for manual editing.
version = 4

[[package]]
name = "ghl-cli"
version = "0.1.0"
dependencies = [
 "ghl-diagnostics",
 "ghl-runtime",
 "ghl-syntax",
 "ghl-types",
]

[[package]]
name = "ghl-codegen"
version = "0.1.0"
dependencies = [
 "ghl-diagnostics",
 "ghl-ir",
]

[[package]]
name = "ghl-diagnostics"
version = "0.1.0"

[[package]]
name = "ghl-ir"
version = "0.1.0"
dependencies = [
 "ghl-syntax",
 "ghl-types",
]

[[package]]
name = "ghl-runtime"
version = "0.1.0"
dependencies = [
 "ghl-diagnostics",
 "ghl-types",
]

[[package]]
name = "ghl-syntax"
version = "0.1.0"
dependencies = [
 "ghl-diagnostics",
]

[[package]]
name = "ghl-types"
version = "0.1.0"
dependencies = [
 "ghl-diagnostics",
]
